
Microsoft Visual Studio Solution File, Format Version 12.00
# Visual Studio Version 16
VisualStudioVersion = 16.0.31019.35
MinimumVisualStudioVersion = 10.0.40219.1
Project("{FAE04EC0-301F-11D3-BF4B-00C04F79EFBC}") = "DefectsDMS", "DefectsDMS\DefectsDMS.csproj", "{F69158A0-8564-4D7A-86DB-C671B90F7771}"
EndProject
Global
	GlobalSection(SolutionConfigurationPlatforms) = preSolution
		Debug|Any CPU = Debug|Any CPU
		Release|Any CPU = Release|Any CPU
	EndGlobalSection
	GlobalSection(ProjectConfigurationPlatforms) = postSolution
		{F69158A0-8564-4D7A-86DB-C671B90F7771}.Debug|Any CPU.ActiveCfg = Debug|Any CPU
		{F69158A0-8564-4D7A-86DB-C671B90F7771}.Debug|Any CPU.Build.0 = Debug|Any CPU
		{F69158A0-8564-4D7A-86DB-C671B90F7771}.Release|Any CPU.ActiveCfg = Release|Any CPU
		{F69158A0-8564-4D7A-86DB-C671B90F7771}.Release|Any CPU.Build.0 = Release|Any CPU
	EndGlobalSection
	GlobalSection(SolutionProperties) = preSolution
		HideSolutionNode = FALSE
	EndGlobalSection
	GlobalSection(ExtensibilityGlobals) = postSolution
		SolutionGuid = {BA53E089-E8BC-4255-9962-563233F33A01}
	EndGlobalSection
EndGlobal
